// !$*UTF8*$!
{
	archiveVersion = 1;
	classes = {
	};
	objectVersion = 46;
	objects = {

/* Begin PBXBuildFile section */
		C078EC6A1EB60BCA00A61193 /* DataSource.swift in Sources */ = {isa = PBXBuildFile; fileRef = C078EC691EB60BCA00A61193 /* DataSource.swift */; };
		C078EC6C1EB60F1100A61193 /* ScheduleModel.swift in Sources */ = {isa = PBXBuildFile; fileRef = C078EC6B1EB60F1100A61193 /* ScheduleModel.swift */; };
		C07F855E1EA4C77200FADC94 /* AppDelegate.swift in Sources */ = {isa = PBXBuildFile; fileRef = C07F855D1EA4C77200FADC94 /* AppDelegate.swift */; };
		C07F85601EA4C77200FADC94 /* ViewController.swift in Sources */ = {isa = PBXBuildFile; fileRef = C07F855F1EA4C77200FADC94 /* ViewController.swift */; };
		C07F85631EA4C77200FADC94 /* Main.storyboard in Resources */ = {isa = PBXBuildFile; fileRef = C07F85611EA4C77200FADC94 /* Main.storyboard */; };
		C07F85651EA4C77200FADC94 /* Assets.xcassets in Resources */ = {isa = PBXBuildFile; fileRef = C07F85641EA4C77200FADC94 /* Assets.xcassets */; };
		C07F85681EA4C77200FADC94 /* LaunchScreen.storyboard in Resources */ = {isa = PBXBuildFile; fileRef = C07F85661EA4C77200FADC94 /* LaunchScreen.storyboard */; };
		C07F85701EA4C8AE00FADC94 /* ScheduleCell.swift in Sources */ = {isa = PBXBuildFile; fileRef = C07F856F1EA4C8AE00FADC94 /* ScheduleCell.swift */; };
/* End PBXBuildFile section */

/* Begin PBXFileReference section */
		C078EC691EB60BCA00A61193 /* DataSource.swift */ = {isa = PBXFileReference; fileEncoding = 4; lastKnownFileType = sourcecode.swift; path = DataSource.swift; sourceTree = "<group>"; };
		C078EC6B1EB60F1100A61193 /* ScheduleModel.swift */ = {isa = PBXFileReference; fileEncoding = 4; lastKnownFileType = sourcecode.swift; path = ScheduleModel.swift; sourceTree = "<group>"; };
		C07F855A1EA4C77200FADC94 /* ExpandableCells.app */ = {isa = PBXFileReference; explicitFileType = wrapper.application; includeInIndex = 0; path = ExpandableCells.app; sourceTree = BUILT_PRODUCTS_DIR; };
		C07F855D1EA4C77200FADC94 /* AppDelegate.swift */ = {isa = PBXFileReference; lastKnownFileType = sourcecode.swift; path = AppDelegate.swift; sourceTree = "<group>"; };
		C07F855F1EA4C77200FADC94 /* ViewController.swift */ = {isa = PBXFileReference; lastKnownFileType = sourcecode.swift; path = ViewController.swift; sourceTree = "<group>"; };
		C07F85621EA4C77200FADC94 /* Base */ = {isa = PBXFileReference; lastKnownFileType = file.storyboard; name = Base; path = Base.lproj/Main.storyboard; sourceTree = "<group>"; };
		C07F85641EA4C77200FADC94 /* Assets.xcassets */ = {isa = PBXFileReference; lastKnownFileType = folder.assetcatalog; path = Assets.xcassets; sourceTree = "<group>"; };
		C07F85671EA4C77200FADC94 /* Base */ = {isa = PBXFileReference; lastKnownFileType = file.storyboard; name = Base; path = Base.lproj/LaunchScreen.storyboard; sourceTree = "<group>"; };
		C07F85691EA4C77200FADC94 /* Info.plist */ = {isa = PBXFileReference; lastKnownFileType = text.plist.xml; path = Info.plist; sourceTree = "<group>"; };
		C07F856F1EA4C8AE00FADC94 /* ScheduleCell.swift */ = {isa = PBXFileReference; fileEncoding = 4; lastKnownFileType = sourcecode.swift; path = ScheduleCell.swift; sourceTree = "<group>"; };
/* End PBXFileReference section */

/* Begin PBXFrameworksBuildPhase section */
		C07F85571EA4C77200FADC94 /* Frameworks */ = {
			isa = PBXFrameworksBuildPhase;
			buildActionMask = 2147483647;
			files = (
			);
			runOnlyForDeploymentPostprocessing = 0;
		};
/* End PBXFrameworksBuildPhase section */

/* Begin PBXGroup section */
		C07F85511EA4C77200FADC94 = {
			isa = PBXGroup;
			children = (
				C07F855C1EA4C77200FADC94 /* ExpandableCells */,
				C07F855B1EA4C77200FADC94 /* Products */,
			);
			sourceTree = "<group>";
		};
		C07F855B1EA4C77200FADC94 /* Products */ = {
			isa = PBXGroup;
			children = (
				C07F855A1EA4C77200FADC94 /* ExpandableCells.app */,
			);
			name = Products;
			sourceTree = "<group>";
		};
		C07F855C1EA4C77200FADC94 /* ExpandableCells */ = {
			isa = PBXGroup;
			children = (
				C091C0921EBCBC1B0045E089 /* Model */,
				C091C0911EBCBC060045E089 /* Datasource */,
				C091C0901EBCBBEF0045E089 /* View */,
				C07F855D1EA4C77200FADC94 /* AppDelegate.swift */,
				C07F85641EA4C77200FADC94 /* Assets.xcassets */,
				C07F85661EA4C77200FADC94 /* LaunchScreen.storyboard */,
				C07F85691EA4C77200FADC94 /* Info.plist */,
			);
			path = ExpandableCells;
			sourceTree = "<group>";
		};
		C091C0901EBCBBEF0045E089 /* View */ = {
			isa = PBXGroup;
			children = (
				C091C0931EBCBC290045E089 /* Cell */,
				C07F85611EA4C77200FADC94 /* Main.storyboard */,
				C07F855F1EA4C77200FADC94 /* ViewController.swift */,
			);
			name = View;
			sourceTree = "<group>";
		};
		C091C0911EBCBC060045E089 /* Datasource */ = {
			isa = PBXGroup;
			children = (
				C078EC691EB60BCA00A61193 /* DataSource.swift */,
			);
			name = Datasource;
			sourceTree = "<group>";
		};
		C091C0921EBCBC1B0045E089 /* Model */ = {
			isa = PBXGroup;
			children = (
				C078EC6B1EB60F1100A61193 /* ScheduleModel.swift */,
			);
			name = Model;
			sourceTree = "<group>";
		};
		C091C0931EBCBC290045E089 /* Cell */ = {
			isa = PBXGroup;
			children = (
				C07F856F1EA4C8AE00FADC94 /* ScheduleCell.swift */,
			);
			name = Cell;
			sourceTree = "<group>";
		};
/* End PBXGroup section */

/* Begin PBXNativeTarget section */
		C07F85591EA4C77200FADC94 /* ExpandableCells */ = {
			isa = PBXNativeTarget;
			buildConfigurationList = C07F856C1EA4C77200FADC94 /* Build configuration list for PBXNativeTarget "ExpandableCells" */;
			buildPhases = (
				C07F85561EA4C77200FADC94 /* Sources */,
				C07F85571EA4C77200FADC94 /* Frameworks */,
				C07F85581EA4C77200FADC94 /* Resources */,
			);
			buildRules = (
			);
			dependencies = (
			);
			name = ExpandableCells;
			productName = ExpandableCells;
			productReference = C07F855A1EA4C77200FADC94 /* ExpandableCells.app */;
			productType = "com.apple.product-type.application";
		};
/* End PBXNativeTarget section */

/* Begin PBXProject section */
		C07F85521EA4C77200FADC94 /* Project object */ = {
			isa = PBXProject;
			attributes = {
				LastSwiftUpdateCheck = 0830;
				LastUpgradeCheck = 0830;
				ORGANIZATIONNAME = "Aleksander Kania";
				TargetAttributes = {
					C07F85591EA4C77200FADC94 = {
						CreatedOnToolsVersion = 8.3.1;
						DevelopmentTeam = VLS2Q2YMXW;
						ProvisioningStyle = Automatic;
					};
				};
			};
			buildConfigurationList = C07F85551EA4C77200FADC94 /* Build configuration list for PBXProject "ExpandableCells" */;
			compatibilityVersion = "Xcode 3.2";
			developmentRegion = English;
			hasScannedForEncodings = 0;
			knownRegions = (
				en,
				Base,
			);
			mainGroup = C07F85511EA4C77200FADC94;
			productRefGroup = C07F855B1EA4C77200FADC94 /* Products */;
			projectDirPath = "";
			projectRoot = "";
			targets = (
				C07F85591EA4C77200FADC94 /* ExpandableCells */,
			);
		};
/* End PBXProject section */

/* Begin PBXResourcesBuildPhase section */
		C07F85581EA4C77200FADC94 /* Resources */ = {
			isa = PBXResourcesBuildPhase;
			buildActionMask = 2147483647;
			files = (
				C07F85681EA4C77200FADC94 /* LaunchScreen.storyboard in Resources */,
				C07F85651EA4C77200FADC94 /* Assets.xcassets in Resources */,
				C07F85631EA4C77200FADC94 /* Main.storyboard in Resources */,
			);
			runOnlyForDeploymentPostprocessing = 0;
		};
/* End PBXResourcesBuildPhase section */

/* Begin PBXSourcesBuildPhase section */
		C07F85561EA4C77200FADC94 /* Sources */ = {
			isa = PBXSourcesBuildPhase;
			buildActionMask = 2147483647;
			files = (
				C07F85701EA4C8AE00FADC94 /* ScheduleCell.swift in Sources */,
				C078EC6A1EB60BCA00A61193 /* DataSource.swift in Sources */,
				C078EC6C1EB60F1100A61193 /* ScheduleModel.swift in Sources */,
				C07F85601EA4C77200FADC94 /* ViewController.swift in Sources */,
				C07F855E1EA4C77200FADC94 /* AppDelegate.swift in Sources */,
			);
			runOnlyForDeploymentPostprocessing = 0;
		};
/* End PBXSourcesBuildPhase section */

/* Begin PBXVariantGroup section */
		C07F85611EA4C77200FADC94 /* Main.storyboard */ = {
			isa = PBXVariantGroup;
			children = (
				C07F85621EA4C77200FADC94 /* Base */,
			);
			name = Main.storyboard;
			sourceTree = "<group>";
		};
		C07F85661EA4C77200FADC94 /* LaunchScreen.storyboard */ = {
			isa = PBXVariantGroup;
			children = (
				C07F85671EA4C77200FADC94 /* Base */,
			);
			name = LaunchScreen.storyboard;
			sourceTree = "<group>";
		};
/* End PBXVariantGroup section */

/* Begin XCBuildConfiguration section */
		C07F856A1EA4C77200FADC94 /* Debug */ = {
			isa = XCBuildConfiguration;
			buildSettings = {
				ALWAYS_SEARCH_USER_PATHS = NO;
				CLANG_ANALYZER_NONNULL = YES;
				CLANG_ANALYZER_NUMBER_OBJECT_CONVERSION = YES_AGGRESSIVE;
				CLANG_CXX_LANGUAGE_STANDARD = "gnu++0x";
				CLANG_CXX_LIBRARY = "libc++";
				CLANG_ENABLE_MODULES = YES;
				CLANG_ENABLE_OBJC_ARC = YES;
				CLANG_WARN_BOOL_CONVERSION = YES;
				CLANG_WARN_CONSTANT_CONVERSION = YES;
				CLANG_WARN_DIRECT_OBJC_ISA_USAGE = YES_ERROR;
				CLANG_WARN_DOCUMENTATION_COMMENTS = YES;
				CLANG_WARN_EMPTY_BODY = YES;
				CLANG_WARN_ENUM_CONVERSION = YES;
				CLANG_WARN_INFINITE_RECURSION = YES;
				CLANG_WARN_INT_CONVERSION = YES;
				CLANG_WARN_OBJC_ROOT_CLASS = YES_ERROR;
				CLANG_WARN_SUSPICIOUS_MOVE = YES;
				CLANG_WARN_UNREACHABLE_CODE = YES;
				CLANG_WARN__DUPLICATE_METHOD_MATCH = YES;
				"CODE_SIGN_IDENTITY[sdk=iphoneos*]" = "iPhone Developer";
				COPY_PHASE_STRIP = NO;
				DEBUG_INFORMATION_FORMAT = dwarf;
				ENABLE_STRICT_OBJC_MSGSEND = YES;
				ENABLE_TESTABILITY = YES;
				GCC_C_LANGUAGE_STANDARD = gnu99;
				GCC_DYNAMIC_NO_PIC = NO;
				GCC_NO_COMMON_BLOCKS = YES;
				GCC_OPTIMIZATION_LEVEL = 0;
				GCC_PREPROCESSOR_DEFINITIONS = (
					"DEBUG=1",
					"$(inherited)",
				);
				GCC_WARN_64_TO_32_BIT_CONVERSION = YES;
				GCC_WARN_ABOUT_RETURN_TYPE = YES_ERROR;
				GCC_WARN_UNDECLARED_SELECTOR = YES;
				GCC_WARN_UNINITIALIZED_AUTOS = YES_AGGRESSIVE;
				GCC_WARN_UNUSED_FUNCTION = YES;
				GCC_WARN_UNUSED_VARIABLE = YES;
				IPHONEOS_DEPLOYMENT_TARGET = 10.3;
				MTL_ENABLE_DEBUG_INFO = YES;
				ONLY_ACTIVE_ARCH = YES;
				SDKROOT = iphoneos;
				SWIFT_ACTIVE_COMPILATION_CONDITIONS = DEBUG;
				SWIFT_OPTIMIZATION_LEVEL = "-Onone";
			};
			name = Debug;
		};
		C07F856B1EA4C77200FADC94 /* Release */ = {
			isa = XCBuildConfiguration;
			buildSettings = {
				ALWAYS_SEARCH_USER_PATHS = NO;
				CLANG_ANALYZER_NONNULL = YES;
				CLANG_ANALYZER_NUMBER_OBJECT_CONVERSION = YES_AGGRESSIVE;
				CLANG_CXX_LANGUAGE_STANDARD = "gnu++0x";
				CLANG_CXX_LIBRARY = "libc++";
				CLANG_ENABLE_MODULES = YES;
				CLANG_ENABLE_OBJC_ARC = YES;
				CLANG_WARN_BOOL_CONVERSION = YES;
				CLANG_WARN_CONSTANT_CONVERSION = YES;
				CLANG_WARN_DIRECT_OBJC_ISA_USAGE = YES_ERROR;
				CLANG_WARN_DOCUMENTATION_COMMENTS = YES;
				CLANG_WARN_EMPTY_BODY = YES;
				CLANG_WARN_ENUM_CONVERSION = YES;
				CLANG_WARN_INFINITE_RECURSION = YES;
				CLANG_WARN_INT_CONVERSION = YES;
				CLANG_WARN_OBJC_ROOT_CLASS = YES_ERROR;
				CLANG_WARN_SUSPICIOUS_MOVE = YES;
				CLANG_WARN_UNREACHABLE_CODE = YES;
				CLANG_WARN__DUPLICATE_METHOD_MATCH = YES;
				"CODE_SIGN_IDENTITY[sdk=iphoneos*]" = "iPhone Developer";
				COPY_PHASE_STRIP = NO;
				DEBUG_INFORMATION_FORMAT = "dwarf-with-dsym";
				ENABLE_NS_ASSERTIONS = NO;
				ENABLE_STRICT_OBJC_MSGSEND = YES;
				GCC_C_LANGUAGE_STANDARD = gnu99;
				GCC_NO_COMMON_BLOCKS = YES;
				GCC_WARN_64_TO_32_BIT_CONVERSION = YES;
				GCC_WARN_ABOUT_RETURN_TYPE = YES_ERROR;
				GCC_WARN_UNDECLARED_SELECTOR = YES;
				GCC_WARN_UNINITIALIZED_AUTOS = YES_AGGRESSIVE;
				GCC_WARN_UNUSED_FUNCTION = YES;
				GCC_WARN_UNUSED_VARIABLE = YES;
				IPHONEOS_DEPLOYMENT_TARGET = 10.3;
				MTL_ENABLE_DEBUG_INFO = NO;
				SDKROOT = iphoneos;
				SWIFT_OPTIMIZATION_LEVEL = "-Owholemodule";
				VALIDATE_PRODUCT = YES;
			};
			name = Release;
		};
		C07F856D1EA4C77200FADC94 /* Debug */ = {
			isa = XCBuildConfiguration;
			buildSettings = {
				ASSETCATALOG_COMPILER_APPICON_NAME = AppIcon;
				DEVELOPMENT_TEAM = VLS2Q2YMXW;
				INFOPLIST_FILE = ExpandableCells/Info.plist;
				IPHONEOS_DEPLOYMENT_TARGET = 9.3;
				LD_RUNPATH_SEARCH_PATHS = "$(inherited) @executable_path/Frameworks";
				PRODUCT_BUNDLE_IDENTIFIER = com.Kania.ExpandableCells;
				PRODUCT_NAME = "$(TARGET_NAME)";
				SWIFT_VERSION = 3.0;
			};
			name = Debug;
		};
		C07F856E1EA4C77200FADC94 /* Release */ = {
			isa = XCBuildConfiguration;
			buildSettings = {
				ASSETCATALOG_COMPILER_APPICON_NAME = AppIcon;
				DEVELOPMENT_TEAM = VLS2Q2YMXW;
				INFOPLIST_FILE = ExpandableCells/Info.plist;
				IPHONEOS_DEPLOYMENT_TARGET = 9.3;
				LD_RUNPATH_SEARCH_PATHS = "$(inherited) @executable_path/Frameworks";
				PRODUCT_BUNDLE_IDENTIFIER = com.Kania.ExpandableCells;
				PRODUCT_NAME = "$(TARGET_NAME)";
				SWIFT_VERSION = 3.0;
			};
			name = Release;
		};
/* End XCBuildConfiguration section */

/* Begin XCConfigurationList section */
		C07F85551EA4C77200FADC94 /* Build configuration list for PBXProject "ExpandableCells" */ = {
			isa = XCConfigurationList;
			buildConfigurations = (
				C07F856A1EA4C77200FADC94 /* Debug */,
				C07F856B1EA4C77200FADC94 /* Release */,
			);
			defaultConfigurationIsVisible = 0;
			defaultConfigurationName = Release;
		};
		C07F856C1EA4C77200FADC94 /* Build configuration list for PBXNativeTarget "ExpandableCells" */ = {
			isa = XCConfigurationList;
			buildConfigurations = (
				C07F856D1EA4C77200FADC94 /* Debug */,
				C07F856E1EA4C77200FADC94 /* Release */,
			);
			defaultConfigurationIsVisible = 0;
			defaultConfigurationName = Release;
		};
/* End XCConfigurationList section */
	};
	rootObject = C07F85521EA4C77200FADC94 /* Project object */;
}
